
Microsoft Visual Studio Solution File, Format Version 12.00
# Visual Studio Version 16
VisualStudioVersion = 16.0.31112.23
MinimumVisualStudioVersion = 10.0.40219.1
Project("{9A19103F-16F7-4668-BE54-9A1E7A4F7556}") = "AmazonOfferIdGatherer", "AmazonOfferIdGatherer\AmazonOfferIdGatherer.csproj", "{810ACF86-D2C3-448B-8844-CED77CD70DFC}"
EndProject
Global
	GlobalSection(SolutionConfigurationPlatforms) = preSolution
		Debug|Any CPU = Debug|Any CPU
		Release|Any CPU = Release|Any CPU
	EndGlobalSection
	GlobalSection(ProjectConfigurationPlatforms) = postSolution
		{810ACF86-D2C3-448B-8844-CED77CD70DFC}.Debug|Any CPU.ActiveCfg = Debug|Any CPU
		{810ACF86-D2C3-448B-8844-CED77CD70DFC}.Debug|Any CPU.Build.0 = Debug|Any CPU
		{810ACF86-D2C3-448B-8844-CED77CD70DFC}.Release|Any CPU.ActiveCfg = Release|Any CPU
		{810ACF86-D2C3-448B-8844-CED77CD70DFC}.Release|Any CPU.Build.0 = Release|Any CPU
	EndGlobalSection
	GlobalSection(SolutionProperties) = preSolution
		HideSolutionNode = FALSE
	EndGlobalSection
	GlobalSection(ExtensibilityGlobals) = postSolution
		SolutionGuid = {10A3E467-5E4A-4F1A-B65A-D6DBFBA0D977}
	EndGlobalSection
EndGlobal
